
Microsoft Visual Studio Solution File, Format Version 12.00
# Visual Studio 2013
VisualStudioVersion = 12.0.31101.0
MinimumVisualStudioVersion = 10.0.40219.1
Project("{FAE04EC0-301F-11D3-BF4B-00C04F79EFBC}") = "HamustroNClient", "HamustroNClient\HamustroNClient.csproj", "{C4AB7BC3-93B8-453B-BE24-CE7C89D81D4B}"
EndProject
Project("{FAE04EC0-301F-11D3-BF4B-00C04F79EFBC}") = "HamustroNClient.Tests", "HamustroNClient.Tests\HamustroNClient.Tests.csproj", "{45B7E26F-1622-4170-AA35-0A3332265439}"
EndProject
Global
	GlobalSection(SolutionConfigurationPlatforms) = preSolution
		Debug|Any CPU = Debug|Any CPU
		Release|Any CPU = Release|Any CPU
	EndGlobalSection
	GlobalSection(ProjectConfigurationPlatforms) = postSolution
		{C4AB7BC3-93B8-453B-BE24-CE7C89D81D4B}.Debug|Any CPU.ActiveCfg = Debug|Any CPU
		{C4AB7BC3-93B8-453B-BE24-CE7C89D81D4B}.Debug|Any CPU.Build.0 = Debug|Any CPU
		{C4AB7BC3-93B8-453B-BE24-CE7C89D81D4B}.Release|Any CPU.ActiveCfg = Release|Any CPU
		{C4AB7BC3-93B8-453B-BE24-CE7C89D81D4B}.Release|Any CPU.Build.0 = Release|Any CPU
		{45B7E26F-1622-4170-AA35-0A3332265439}.Debug|Any CPU.ActiveCfg = Debug|Any CPU
		{45B7E26F-1622-4170-AA35-0A3332265439}.Debug|Any CPU.Build.0 = Debug|Any CPU
		{45B7E26F-1622-4170-AA35-0A3332265439}.Release|Any CPU.ActiveCfg = Release|Any CPU
		{45B7E26F-1622-4170-AA35-0A3332265439}.Release|Any CPU.Build.0 = Release|Any CPU
	EndGlobalSection
	GlobalSection(SolutionProperties) = preSolution
		HideSolutionNode = FALSE
	EndGlobalSection
EndGlobal
